// !$*UTF8*$!
{
	archiveVersion = 1;
	classes = {
	};
	objectVersion = 50;
	objects = {

/* Begin PBXBuildFile section */
		EBE0C0C822983C5500425252 /* AppDelegate.swift in Sources */ = {isa = PBXBuildFile; fileRef = EBE0C0C722983C5500425252 /* AppDelegate.swift */; };
		EBE0C0CD22983C5500425252 /* Main.storyboard in Resources */ = {isa = PBXBuildFile; fileRef = EBE0C0CB22983C5500425252 /* Main.storyboard */; };
		EBE0C0CF22983C5600425252 /* Assets.xcassets in Resources */ = {isa = PBXBuildFile; fileRef = EBE0C0CE22983C5600425252 /* Assets.xcassets */; };
		EBE0C0D222983C5600425252 /* LaunchScreen.storyboard in Resources */ = {isa = PBXBuildFile; fileRef = EBE0C0D022983C5600425252 /* LaunchScreen.storyboard */; };
		EBE0C0DC22983D5B00425252 /* ListViewController.swift in Sources */ = {isa = PBXBuildFile; fileRef = EBE0C0DB22983D5B00425252 /* ListViewController.swift */; };
		EBE0C0DE22983D8E00425252 /* MapViewController.swift in Sources */ = {isa = PBXBuildFile; fileRef = EBE0C0DD22983D8E00425252 /* MapViewController.swift */; };
		EBE0C0E2229842E400425252 /* UserTableViewCell.swift in Sources */ = {isa = PBXBuildFile; fileRef = EBE0C0E1229842E400425252 /* UserTableViewCell.swift */; };
/* End PBXBuildFile section */

/* Begin PBXFileReference section */
		EBE0C0C422983C5500425252 /* DarwinDigitalTest.app */ = {isa = PBXFileReference; explicitFileType = wrapper.application; includeInIndex = 0; path = DarwinDigitalTest.app; sourceTree = BUILT_PRODUCTS_DIR; };
		EBE0C0C722983C5500425252 /* AppDelegate.swift */ = {isa = PBXFileReference; lastKnownFileType = sourcecode.swift; path = AppDelegate.swift; sourceTree = "<group>"; };
		EBE0C0CC22983C5500425252 /* Base */ = {isa = PBXFileReference; lastKnownFileType = file.storyboard; name = Base; path = Base.lproj/Main.storyboard; sourceTree = "<group>"; };
		EBE0C0CE22983C5600425252 /* Assets.xcassets */ = {isa = PBXFileReference; lastKnownFileType = folder.assetcatalog; path = Assets.xcassets; sourceTree = "<group>"; };
		EBE0C0D122983C5600425252 /* Base */ = {isa = PBXFileReference; lastKnownFileType = file.storyboard; name = Base; path = Base.lproj/LaunchScreen.storyboard; sourceTree = "<group>"; };
		EBE0C0D322983C5600425252 /* Info.plist */ = {isa = PBXFileReference; lastKnownFileType = text.plist.xml; path = Info.plist; sourceTree = "<group>"; };
		EBE0C0DB22983D5B00425252 /* ListViewController.swift */ = {isa = PBXFileReference; lastKnownFileType = sourcecode.swift; path = ListViewController.swift; sourceTree = "<group>"; };
		EBE0C0DD22983D8E00425252 /* MapViewController.swift */ = {isa = PBXFileReference; lastKnownFileType = sourcecode.swift; path = MapViewController.swift; sourceTree = "<group>"; };
		EBE0C0E1229842E400425252 /* UserTableViewCell.swift */ = {isa = PBXFileReference; lastKnownFileType = sourcecode.swift; path = UserTableViewCell.swift; sourceTree = "<group>"; };
/* End PBXFileReference section */

/* Begin PBXFrameworksBuildPhase section */
		EBE0C0C122983C5500425252 /* Frameworks */ = {
			isa = PBXFrameworksBuildPhase;
			buildActionMask = 2147483647;
			files = (
			);
			runOnlyForDeploymentPostprocessing = 0;
		};
/* End PBXFrameworksBuildPhase section */

/* Begin PBXGroup section */
		EBE0C0BB22983C5400425252 = {
			isa = PBXGroup;
			children = (
				EBE0C0C622983C5500425252 /* DarwinDigitalTest */,
				EBE0C0C522983C5500425252 /* Products */,
			);
			sourceTree = "<group>";
		};
		EBE0C0C522983C5500425252 /* Products */ = {
			isa = PBXGroup;
			children = (
				EBE0C0C422983C5500425252 /* DarwinDigitalTest.app */,
			);
			name = Products;
			sourceTree = "<group>";
		};
		EBE0C0C622983C5500425252 /* DarwinDigitalTest */ = {
			isa = PBXGroup;
			children = (
				EBE0C0D922983C7D00425252 /* Supporting Files */,
				EBE0C0E0229842A900425252 /* Models */,
				EBE0C0DF2298429E00425252 /* Views */,
				EBE0C0DA22983D4200425252 /* ViewControllers */,
				EBE0C0C722983C5500425252 /* AppDelegate.swift */,
				EBE0C0CB22983C5500425252 /* Main.storyboard */,
			);
			path = DarwinDigitalTest;
			sourceTree = "<group>";
		};
		EBE0C0D922983C7D00425252 /* Supporting Files */ = {
			isa = PBXGroup;
			children = (
				EBE0C0CE22983C5600425252 /* Assets.xcassets */,
				EBE0C0D022983C5600425252 /* LaunchScreen.storyboard */,
				EBE0C0D322983C5600425252 /* Info.plist */,
			);
			name = "Supporting Files";
			sourceTree = "<group>";
		};
		EBE0C0DA22983D4200425252 /* ViewControllers */ = {
			isa = PBXGroup;
			children = (
				EBE0C0DB22983D5B00425252 /* ListViewController.swift */,
				EBE0C0DD22983D8E00425252 /* MapViewController.swift */,
			);
			name = ViewControllers;
			sourceTree = "<group>";
		};
		EBE0C0DF2298429E00425252 /* Views */ = {
			isa = PBXGroup;
			children = (
				EBE0C0E1229842E400425252 /* UserTableViewCell.swift */,
			);
			name = Views;
			sourceTree = "<group>";
		};
		EBE0C0E0229842A900425252 /* Models */ = {
			isa = PBXGroup;
			children = (
			);
			name = Models;
			sourceTree = "<group>";
		};
/* End PBXGroup section */

/* Begin PBXNativeTarget section */
		EBE0C0C322983C5500425252 /* DarwinDigitalTest */ = {
			isa = PBXNativeTarget;
			buildConfigurationList = EBE0C0D622983C5600425252 /* Build configuration list for PBXNativeTarget "DarwinDigitalTest" */;
			buildPhases = (
				EBE0C0C022983C5500425252 /* Sources */,
				EBE0C0C122983C5500425252 /* Frameworks */,
				EBE0C0C222983C5500425252 /* Resources */,
			);
			buildRules = (
			);
			dependencies = (
			);
			name = DarwinDigitalTest;
			productName = DarwinDigitalTest;
			productReference = EBE0C0C422983C5500425252 /* DarwinDigitalTest.app */;
			productType = "com.apple.product-type.application";
		};
/* End PBXNativeTarget section */

/* Begin PBXProject section */
		EBE0C0BC22983C5400425252 /* Project object */ = {
			isa = PBXProject;
			attributes = {
				LastSwiftUpdateCheck = 1020;
				LastUpgradeCheck = 1020;
				ORGANIZATIONNAME = Bojan;
				TargetAttributes = {
					EBE0C0C322983C5500425252 = {
						CreatedOnToolsVersion = 10.2.1;
					};
				};
			};
			buildConfigurationList = EBE0C0BF22983C5400425252 /* Build configuration list for PBXProject "DarwinDigitalTest" */;
			compatibilityVersion = "Xcode 9.3";
			developmentRegion = en;
			hasScannedForEncodings = 0;
			knownRegions = (
				en,
				Base,
			);
			mainGroup = EBE0C0BB22983C5400425252;
			productRefGroup = EBE0C0C522983C5500425252 /* Products */;
			projectDirPath = "";
			projectRoot = "";
			targets = (
				EBE0C0C322983C5500425252 /* DarwinDigitalTest */,
			);
		};
/* End PBXProject section */

/* Begin PBXResourcesBuildPhase section */
		EBE0C0C222983C5500425252 /* Resources */ = {
			isa = PBXResourcesBuildPhase;
			buildActionMask = 2147483647;
			files = (
				EBE0C0D222983C5600425252 /* LaunchScreen.storyboard in Resources */,
				EBE0C0CF22983C5600425252 /* Assets.xcassets in Resources */,
				EBE0C0CD22983C5500425252 /* Main.storyboard in Resources */,
			);
			runOnlyForDeploymentPostprocessing = 0;
		};
/* End PBXResourcesBuildPhase section */

/* Begin PBXSourcesBuildPhase section */
		EBE0C0C022983C5500425252 /* Sources */ = {
			isa = PBXSourcesBuildPhase;
			buildActionMask = 2147483647;
			files = (
				EBE0C0E2229842E400425252 /* UserTableViewCell.swift in Sources */,
				EBE0C0DC22983D5B00425252 /* ListViewController.swift in Sources */,
				EBE0C0DE22983D8E00425252 /* MapViewController.swift in Sources */,
				EBE0C0C822983C5500425252 /* AppDelegate.swift in Sources */,
			);
			runOnlyForDeploymentPostprocessing = 0;
		};
/* End PBXSourcesBuildPhase section */

/* Begin PBXVariantGroup section */
		EBE0C0CB22983C5500425252 /* Main.storyboard */ = {
			isa = PBXVariantGroup;
			children = (
				EBE0C0CC22983C5500425252 /* Base */,
			);
			name = Main.storyboard;
			sourceTree = "<group>";
		};
		EBE0C0D022983C5600425252 /* LaunchScreen.storyboard */ = {
			isa = PBXVariantGroup;
			children = (
				EBE0C0D122983C5600425252 /* Base */,
			);
			name = LaunchScreen.storyboard;
			sourceTree = "<group>";
		};
/* End PBXVariantGroup section */

/* Begin XCBuildConfiguration section */
		EBE0C0D422983C5600425252 /* Debug */ = {
			isa = XCBuildConfiguration;
			buildSettings = {
				ALWAYS_SEARCH_USER_PATHS = NO;
				CLANG_ANALYZER_NONNULL = YES;
				CLANG_ANALYZER_NUMBER_OBJECT_CONVERSION = YES_AGGRESSIVE;
				CLANG_CXX_LANGUAGE_STANDARD = "gnu++14";
				CLANG_CXX_LIBRARY = "libc++";
				CLANG_ENABLE_MODULES = YES;
				CLANG_ENABLE_OBJC_ARC = YES;
				CLANG_ENABLE_OBJC_WEAK = YES;
				CLANG_WARN_BLOCK_CAPTURE_AUTORELEASING = YES;
				CLANG_WARN_BOOL_CONVERSION = YES;
				CLANG_WARN_COMMA = YES;
				CLANG_WARN_CONSTANT_CONVERSION = YES;
				CLANG_WARN_DEPRECATED_OBJC_IMPLEMENTATIONS = YES;
				CLANG_WARN_DIRECT_OBJC_ISA_USAGE = YES_ERROR;
				CLANG_WARN_DOCUMENTATION_COMMENTS = YES;
				CLANG_WARN_EMPTY_BODY = YES;
				CLANG_WARN_ENUM_CONVERSION = YES;
				CLANG_WARN_INFINITE_RECURSION = YES;
				CLANG_WARN_INT_CONVERSION = YES;
				CLANG_WARN_NON_LITERAL_NULL_CONVERSION = YES;
				CLANG_WARN_OBJC_IMPLICIT_RETAIN_SELF = YES;
				CLANG_WARN_OBJC_LITERAL_CONVERSION = YES;
				CLANG_WARN_OBJC_ROOT_CLASS = YES_ERROR;
				CLANG_WARN_RANGE_LOOP_ANALYSIS = YES;
				CLANG_WARN_STRICT_PROTOTYPES = YES;
				CLANG_WARN_SUSPICIOUS_MOVE = YES;
				CLANG_WARN_UNGUARDED_AVAILABILITY = YES_AGGRESSIVE;
				CLANG_WARN_UNREACHABLE_CODE = YES;
				CLANG_WARN__DUPLICATE_METHOD_MATCH = YES;
				CODE_SIGN_IDENTITY = "iPhone Developer";
				COPY_PHASE_STRIP = NO;
				DEBUG_INFORMATION_FORMAT = dwarf;
				ENABLE_STRICT_OBJC_MSGSEND = YES;
				ENABLE_TESTABILITY = YES;
				GCC_C_LANGUAGE_STANDARD = gnu11;
				GCC_DYNAMIC_NO_PIC = NO;
				GCC_NO_COMMON_BLOCKS = YES;
				GCC_OPTIMIZATION_LEVEL = 0;
				GCC_PREPROCESSOR_DEFINITIONS = (
					"DEBUG=1",
					"$(inherited)",
				);
				GCC_WARN_64_TO_32_BIT_CONVERSION = YES;
				GCC_WARN_ABOUT_RETURN_TYPE = YES_ERROR;
				GCC_WARN_UNDECLARED_SELECTOR = YES;
				GCC_WARN_UNINITIALIZED_AUTOS = YES_AGGRESSIVE;
				GCC_WARN_UNUSED_FUNCTION = YES;
				GCC_WARN_UNUSED_VARIABLE = YES;
				IPHONEOS_DEPLOYMENT_TARGET = 12.2;
				MTL_ENABLE_DEBUG_INFO = INCLUDE_SOURCE;
				MTL_FAST_MATH = YES;
				ONLY_ACTIVE_ARCH = YES;
				SDKROOT = iphoneos;
				SWIFT_ACTIVE_COMPILATION_CONDITIONS = DEBUG;
				SWIFT_OPTIMIZATION_LEVEL = "-Onone";
			};
			name = Debug;
		};
		EBE0C0D522983C5600425252 /* Release */ = {
			isa = XCBuildConfiguration;
			buildSettings = {
				ALWAYS_SEARCH_USER_PATHS = NO;
				CLANG_ANALYZER_NONNULL = YES;
				CLANG_ANALYZER_NUMBER_OBJECT_CONVERSION = YES_AGGRESSIVE;
				CLANG_CXX_LANGUAGE_STANDARD = "gnu++14";
				CLANG_CXX_LIBRARY = "libc++";
				CLANG_ENABLE_MODULES = YES;
				CLANG_ENABLE_OBJC_ARC = YES;
				CLANG_ENABLE_OBJC_WEAK = YES;
				CLANG_WARN_BLOCK_CAPTURE_AUTORELEASING = YES;
				CLANG_WARN_BOOL_CONVERSION = YES;
				CLANG_WARN_COMMA = YES;
				CLANG_WARN_CONSTANT_CONVERSION = YES;
				CLANG_WARN_DEPRECATED_OBJC_IMPLEMENTATIONS = YES;
				CLANG_WARN_DIRECT_OBJC_ISA_USAGE = YES_ERROR;
				CLANG_WARN_DOCUMENTATION_COMMENTS = YES;
				CLANG_WARN_EMPTY_BODY = YES;
				CLANG_WARN_ENUM_CONVERSION = YES;
				CLANG_WARN_INFINITE_RECURSION = YES;
				CLANG_WARN_INT_CONVERSION = YES;
				CLANG_WARN_NON_LITERAL_NULL_CONVERSION = YES;
				CLANG_WARN_OBJC_IMPLICIT_RETAIN_SELF = YES;
				CLANG_WARN_OBJC_LITERAL_CONVERSION = YES;
				CLANG_WARN_OBJC_ROOT_CLASS = YES_ERROR;
				CLANG_WARN_RANGE_LOOP_ANALYSIS = YES;
				CLANG_WARN_STRICT_PROTOTYPES = YES;
				CLANG_WARN_SUSPICIOUS_MOVE = YES;
				CLANG_WARN_UNGUARDED_AVAILABILITY = YES_AGGRESSIVE;
				CLANG_WARN_UNREACHABLE_CODE = YES;
				CLANG_WARN__DUPLICATE_METHOD_MATCH = YES;
				CODE_SIGN_IDENTITY = "iPhone Developer";
				COPY_PHASE_STRIP = NO;
				DEBUG_INFORMATION_FORMAT = "dwarf-with-dsym";
				ENABLE_NS_ASSERTIONS = NO;
				ENABLE_STRICT_OBJC_MSGSEND = YES;
				GCC_C_LANGUAGE_STANDARD = gnu11;
				GCC_NO_COMMON_BLOCKS = YES;
				GCC_WARN_64_TO_32_BIT_CONVERSION = YES;
				GCC_WARN_ABOUT_RETURN_TYPE = YES_ERROR;
				GCC_WARN_UNDECLARED_SELECTOR = YES;
				GCC_WARN_UNINITIALIZED_AUTOS = YES_AGGRESSIVE;
				GCC_WARN_UNUSED_FUNCTION = YES;
				GCC_WARN_UNUSED_VARIABLE = YES;
				IPHONEOS_DEPLOYMENT_TARGET = 12.2;
				MTL_ENABLE_DEBUG_INFO = NO;
				MTL_FAST_MATH = YES;
				SDKROOT = iphoneos;
				SWIFT_COMPILATION_MODE = wholemodule;
				SWIFT_OPTIMIZATION_LEVEL = "-O";
				VALIDATE_PRODUCT = YES;
			};
			name = Release;
		};
		EBE0C0D722983C5600425252 /* Debug */ = {
			isa = XCBuildConfiguration;
			buildSettings = {
				ASSETCATALOG_COMPILER_APPICON_NAME = AppIcon;
				CODE_SIGN_STYLE = Automatic;
				DEVELOPMENT_TEAM = R6SC37N4S4;
				INFOPLIST_FILE = DarwinDigitalTest/Info.plist;
				LD_RUNPATH_SEARCH_PATHS = (
					"$(inherited)",
					"@executable_path/Frameworks",
				);
				PRODUCT_BUNDLE_IDENTIFIER = com.bolo.DarwinDigitalTest;
				PRODUCT_NAME = "$(TARGET_NAME)";
				SWIFT_VERSION = 5.0;
				TARGETED_DEVICE_FAMILY = "1,2";
			};
			name = Debug;
		};
		EBE0C0D822983C5600425252 /* Release */ = {
			isa = XCBuildConfiguration;
			buildSettings = {
				ASSETCATALOG_COMPILER_APPICON_NAME = AppIcon;
				CODE_SIGN_STYLE = Automatic;
				DEVELOPMENT_TEAM = R6SC37N4S4;
				INFOPLIST_FILE = DarwinDigitalTest/Info.plist;
				LD_RUNPATH_SEARCH_PATHS = (
					"$(inherited)",
					"@executable_path/Frameworks",
				);
				PRODUCT_BUNDLE_IDENTIFIER = com.bolo.DarwinDigitalTest;
				PRODUCT_NAME = "$(TARGET_NAME)";
				SWIFT_VERSION = 5.0;
				TARGETED_DEVICE_FAMILY = "1,2";
			};
			name = Release;
		};
/* End XCBuildConfiguration section */

/* Begin XCConfigurationList section */
		EBE0C0BF22983C5400425252 /* Build configuration list for PBXProject "DarwinDigitalTest" */ = {
			isa = XCConfigurationList;
			buildConfigurations = (
				EBE0C0D422983C5600425252 /* Debug */,
				EBE0C0D522983C5600425252 /* Release */,
			);
			defaultConfigurationIsVisible = 0;
			defaultConfigurationName = Release;
		};
		EBE0C0D622983C5600425252 /* Build configuration list for PBXNativeTarget "DarwinDigitalTest" */ = {
			isa = XCConfigurationList;
			buildConfigurations = (
				EBE0C0D722983C5600425252 /* Debug */,
				EBE0C0D822983C5600425252 /* Release */,
			);
			defaultConfigurationIsVisible = 0;
			defaultConfigurationName = Release;
		};
/* End XCConfigurationList section */
	};
	rootObject = EBE0C0BC22983C5400425252 /* Project object */;
}
